
Microsoft Visual Studio Solution File, Format Version 12.00
# Visual Studio Version 17
VisualStudioVersion = 17.9.34902.65
MinimumVisualStudioVersion = 10.0.40219.1
Project("{FAE04EC0-301F-11D3-BF4B-00C04F79EFBC}") = "HRMaster_MVC_Project", "HRMaster_MVC_Project\HRMaster_MVC_Project.csproj", "{DD0AD49A-1B1E-4410-83AA-2EEF33226202}"
EndProject
Global
	GlobalSection(SolutionConfigurationPlatforms) = preSolution
		Debug|Any CPU = Debug|Any CPU
		Release|Any CPU = Release|Any CPU
	EndGlobalSection
	GlobalSection(ProjectConfigurationPlatforms) = postSolution
		{DD0AD49A-1B1E-4410-83AA-2EEF33226202}.Debug|Any CPU.ActiveCfg = Debug|Any CPU
		{DD0AD49A-1B1E-4410-83AA-2EEF33226202}.Debug|Any CPU.Build.0 = Debug|Any CPU
		{DD0AD49A-1B1E-4410-83AA-2EEF33226202}.Release|Any CPU.ActiveCfg = Release|Any CPU
		{DD0AD49A-1B1E-4410-83AA-2EEF33226202}.Release|Any CPU.Build.0 = Release|Any CPU
	EndGlobalSection
	GlobalSection(SolutionProperties) = preSolution
		HideSolutionNode = FALSE
	EndGlobalSection
	GlobalSection(ExtensibilityGlobals) = postSolution
		SolutionGuid = {49330C07-C396-47D8-8150-EBEBD70A3421}
	EndGlobalSection
EndGlobal
